// !$*UTF8*$!
{
	archiveVersion = 1;
	classes = {
	};
	objectVersion = 50;
	objects = {

/* Begin PBXBuildFile section */
		B26AD78B252309D7004E624F /* AppDelegate.swift in Sources */ = {isa = PBXBuildFile; fileRef = B26AD78A252309D7004E624F /* AppDelegate.swift */; };
		B26AD78F252309DD004E624F /* Assets.xcassets in Resources */ = {isa = PBXBuildFile; fileRef = B26AD78E252309DD004E624F /* Assets.xcassets */; };
		B26AD792252309DD004E624F /* Preview Assets.xcassets in Resources */ = {isa = PBXBuildFile; fileRef = B26AD791252309DD004E624F /* Preview Assets.xcassets */; };
		B26AD795252309DD004E624F /* Main.storyboard in Resources */ = {isa = PBXBuildFile; fileRef = B26AD793252309DD004E624F /* Main.storyboard */; };
		B26AD7A1252309DE004E624F /* AudioRecordTests.swift in Sources */ = {isa = PBXBuildFile; fileRef = B26AD7A0252309DE004E624F /* AudioRecordTests.swift */; };
		B26AD7AC252309DE004E624F /* AudioRecordUITests.swift in Sources */ = {isa = PBXBuildFile; fileRef = B26AD7AB252309DE004E624F /* AudioRecordUITests.swift */; };
		B26AD7D225248020004E624F /* AudioCapture.swift in Sources */ = {isa = PBXBuildFile; fileRef = B26AD7D125248020004E624F /* AudioCapture.swift */; };
		B26AD7D7252480A5004E624F /* RecordingView.swift in Sources */ = {isa = PBXBuildFile; fileRef = B26AD7D6252480A5004E624F /* RecordingView.swift */; };
/* End PBXBuildFile section */

/* Begin PBXContainerItemProxy section */
		B26AD79D252309DE004E624F /* PBXContainerItemProxy */ = {
			isa = PBXContainerItemProxy;
			containerPortal = B26AD77F252309D6004E624F /* Project object */;
			proxyType = 1;
			remoteGlobalIDString = B26AD786252309D6004E624F;
			remoteInfo = AudioRecord;
		};
		B26AD7A8252309DE004E624F /* PBXContainerItemProxy */ = {
			isa = PBXContainerItemProxy;
			containerPortal = B26AD77F252309D6004E624F /* Project object */;
			proxyType = 1;
			remoteGlobalIDString = B26AD786252309D6004E624F;
			remoteInfo = AudioRecord;
		};
/* End PBXContainerItemProxy section */

/* Begin PBXFileReference section */
		B26AD787252309D6004E624F /* AudioRecord.app */ = {isa = PBXFileReference; explicitFileType = wrapper.application; includeInIndex = 0; path = AudioRecord.app; sourceTree = BUILT_PRODUCTS_DIR; };
		B26AD78A252309D7004E624F /* AppDelegate.swift */ = {isa = PBXFileReference; lastKnownFileType = sourcecode.swift; path = AppDelegate.swift; sourceTree = "<group>"; };
		B26AD78E252309DD004E624F /* Assets.xcassets */ = {isa = PBXFileReference; lastKnownFileType = folder.assetcatalog; path = Assets.xcassets; sourceTree = "<group>"; };
		B26AD791252309DD004E624F /* Preview Assets.xcassets */ = {isa = PBXFileReference; lastKnownFileType = folder.assetcatalog; path = "Preview Assets.xcassets"; sourceTree = "<group>"; };
		B26AD794252309DD004E624F /* Base */ = {isa = PBXFileReference; lastKnownFileType = file.storyboard; name = Base; path = Base.lproj/Main.storyboard; sourceTree = "<group>"; };
		B26AD796252309DD004E624F /* Info.plist */ = {isa = PBXFileReference; lastKnownFileType = text.plist.xml; path = Info.plist; sourceTree = "<group>"; };
		B26AD797252309DD004E624F /* AudioRecord.entitlements */ = {isa = PBXFileReference; lastKnownFileType = text.plist.entitlements; path = AudioRecord.entitlements; sourceTree = "<group>"; };
		B26AD79C252309DE004E624F /* AudioRecordTests.xctest */ = {isa = PBXFileReference; explicitFileType = wrapper.cfbundle; includeInIndex = 0; path = AudioRecordTests.xctest; sourceTree = BUILT_PRODUCTS_DIR; };
		B26AD7A0252309DE004E624F /* AudioRecordTests.swift */ = {isa = PBXFileReference; lastKnownFileType = sourcecode.swift; path = AudioRecordTests.swift; sourceTree = "<group>"; };
		B26AD7A2252309DE004E624F /* Info.plist */ = {isa = PBXFileReference; lastKnownFileType = text.plist.xml; path = Info.plist; sourceTree = "<group>"; };
		B26AD7A7252309DE004E624F /* AudioRecordUITests.xctest */ = {isa = PBXFileReference; explicitFileType = wrapper.cfbundle; includeInIndex = 0; path = AudioRecordUITests.xctest; sourceTree = BUILT_PRODUCTS_DIR; };
		B26AD7AB252309DE004E624F /* AudioRecordUITests.swift */ = {isa = PBXFileReference; lastKnownFileType = sourcecode.swift; path = AudioRecordUITests.swift; sourceTree = "<group>"; };
		B26AD7AD252309DE004E624F /* Info.plist */ = {isa = PBXFileReference; lastKnownFileType = text.plist.xml; path = Info.plist; sourceTree = "<group>"; };
		B26AD7D125248020004E624F /* AudioCapture.swift */ = {isa = PBXFileReference; lastKnownFileType = sourcecode.swift; path = AudioCapture.swift; sourceTree = "<group>"; };
		B26AD7D6252480A5004E624F /* RecordingView.swift */ = {isa = PBXFileReference; lastKnownFileType = sourcecode.swift; path = RecordingView.swift; sourceTree = "<group>"; };
/* End PBXFileReference section */

/* Begin PBXFrameworksBuildPhase section */
		B26AD784252309D6004E624F /* Frameworks */ = {
			isa = PBXFrameworksBuildPhase;
			buildActionMask = 2147483647;
			files = (
			);
			runOnlyForDeploymentPostprocessing = 0;
		};
		B26AD799252309DE004E624F /* Frameworks */ = {
			isa = PBXFrameworksBuildPhase;
			buildActionMask = 2147483647;
			files = (
			);
			runOnlyForDeploymentPostprocessing = 0;
		};
		B26AD7A4252309DE004E624F /* Frameworks */ = {
			isa = PBXFrameworksBuildPhase;
			buildActionMask = 2147483647;
			files = (
			);
			runOnlyForDeploymentPostprocessing = 0;
		};
/* End PBXFrameworksBuildPhase section */

/* Begin PBXGroup section */
		B26AD77E252309D6004E624F = {
			isa = PBXGroup;
			children = (
				B26AD789252309D7004E624F /* AudioRecord */,
				B26AD79F252309DE004E624F /* AudioRecordTests */,
				B26AD7AA252309DE004E624F /* AudioRecordUITests */,
				B26AD788252309D7004E624F /* Products */,
			);
			sourceTree = "<group>";
		};
		B26AD788252309D7004E624F /* Products */ = {
			isa = PBXGroup;
			children = (
				B26AD787252309D6004E624F /* AudioRecord.app */,
				B26AD79C252309DE004E624F /* AudioRecordTests.xctest */,
				B26AD7A7252309DE004E624F /* AudioRecordUITests.xctest */,
			);
			name = Products;
			sourceTree = "<group>";
		};
		B26AD789252309D7004E624F /* AudioRecord */ = {
			isa = PBXGroup;
			children = (
				B26AD7D6252480A5004E624F /* RecordingView.swift */,
				B26AD7D125248020004E624F /* AudioCapture.swift */,
				B26AD78A252309D7004E624F /* AppDelegate.swift */,
				B26AD78E252309DD004E624F /* Assets.xcassets */,
				B26AD793252309DD004E624F /* Main.storyboard */,
				B26AD796252309DD004E624F /* Info.plist */,
				B26AD797252309DD004E624F /* AudioRecord.entitlements */,
				B26AD790252309DD004E624F /* Preview Content */,
			);
			path = AudioRecord;
			sourceTree = "<group>";
		};
		B26AD790252309DD004E624F /* Preview Content */ = {
			isa = PBXGroup;
			children = (
				B26AD791252309DD004E624F /* Preview Assets.xcassets */,
			);
			path = "Preview Content";
			sourceTree = "<group>";
		};
		B26AD79F252309DE004E624F /* AudioRecordTests */ = {
			isa = PBXGroup;
			children = (
				B26AD7A0252309DE004E624F /* AudioRecordTests.swift */,
				B26AD7A2252309DE004E624F /* Info.plist */,
			);
			path = AudioRecordTests;
			sourceTree = "<group>";
		};
		B26AD7AA252309DE004E624F /* AudioRecordUITests */ = {
			isa = PBXGroup;
			children = (
				B26AD7AB252309DE004E624F /* AudioRecordUITests.swift */,
				B26AD7AD252309DE004E624F /* Info.plist */,
			);
			path = AudioRecordUITests;
			sourceTree = "<group>";
		};
/* End PBXGroup section */

/* Begin PBXNativeTarget section */
		B26AD786252309D6004E624F /* AudioRecord */ = {
			isa = PBXNativeTarget;
			buildConfigurationList = B26AD7B0252309DE004E624F /* Build configuration list for PBXNativeTarget "AudioRecord" */;
			buildPhases = (
				B26AD783252309D6004E624F /* Sources */,
				B26AD784252309D6004E624F /* Frameworks */,
				B26AD785252309D6004E624F /* Resources */,
			);
			buildRules = (
			);
			dependencies = (
			);
			name = AudioRecord;
			productName = AudioRecord;
			productReference = B26AD787252309D6004E624F /* AudioRecord.app */;
			productType = "com.apple.product-type.application";
		};
		B26AD79B252309DE004E624F /* AudioRecordTests */ = {
			isa = PBXNativeTarget;
			buildConfigurationList = B26AD7B3252309DE004E624F /* Build configuration list for PBXNativeTarget "AudioRecordTests" */;
			buildPhases = (
				B26AD798252309DE004E624F /* Sources */,
				B26AD799252309DE004E624F /* Frameworks */,
				B26AD79A252309DE004E624F /* Resources */,
			);
			buildRules = (
			);
			dependencies = (
				B26AD79E252309DE004E624F /* PBXTargetDependency */,
			);
			name = AudioRecordTests;
			productName = AudioRecordTests;
			productReference = B26AD79C252309DE004E624F /* AudioRecordTests.xctest */;
			productType = "com.apple.product-type.bundle.unit-test";
		};
		B26AD7A6252309DE004E624F /* AudioRecordUITests */ = {
			isa = PBXNativeTarget;
			buildConfigurationList = B26AD7B6252309DE004E624F /* Build configuration list for PBXNativeTarget "AudioRecordUITests" */;
			buildPhases = (
				B26AD7A3252309DE004E624F /* Sources */,
				B26AD7A4252309DE004E624F /* Frameworks */,
				B26AD7A5252309DE004E624F /* Resources */,
			);
			buildRules = (
			);
			dependencies = (
				B26AD7A9252309DE004E624F /* PBXTargetDependency */,
			);
			name = AudioRecordUITests;
			productName = AudioRecordUITests;
			productReference = B26AD7A7252309DE004E624F /* AudioRecordUITests.xctest */;
			productType = "com.apple.product-type.bundle.ui-testing";
		};
/* End PBXNativeTarget section */

/* Begin PBXProject section */
		B26AD77F252309D6004E624F /* Project object */ = {
			isa = PBXProject;
			attributes = {
				LastSwiftUpdateCheck = 1200;
				LastUpgradeCheck = 1200;
				TargetAttributes = {
					B26AD786252309D6004E624F = {
						CreatedOnToolsVersion = 12.0.1;
					};
					B26AD79B252309DE004E624F = {
						CreatedOnToolsVersion = 12.0.1;
						TestTargetID = B26AD786252309D6004E624F;
					};
					B26AD7A6252309DE004E624F = {
						CreatedOnToolsVersion = 12.0.1;
						TestTargetID = B26AD786252309D6004E624F;
					};
				};
			};
			buildConfigurationList = B26AD782252309D6004E624F /* Build configuration list for PBXProject "AudioRecord" */;
			compatibilityVersion = "Xcode 9.3";
			developmentRegion = en;
			hasScannedForEncodings = 0;
			knownRegions = (
				en,
				Base,
			);
			mainGroup = B26AD77E252309D6004E624F;
			productRefGroup = B26AD788252309D7004E624F /* Products */;
			projectDirPath = "";
			projectRoot = "";
			targets = (
				B26AD786252309D6004E624F /* AudioRecord */,
				B26AD79B252309DE004E624F /* AudioRecordTests */,
				B26AD7A6252309DE004E624F /* AudioRecordUITests */,
			);
		};
/* End PBXProject section */

/* Begin PBXResourcesBuildPhase section */
		B26AD785252309D6004E624F /* Resources */ = {
			isa = PBXResourcesBuildPhase;
			buildActionMask = 2147483647;
			files = (
				B26AD795252309DD004E624F /* Main.storyboard in Resources */,
				B26AD792252309DD004E624F /* Preview Assets.xcassets in Resources */,
				B26AD78F252309DD004E624F /* Assets.xcassets in Resources */,
			);
			runOnlyForDeploymentPostprocessing = 0;
		};
		B26AD79A252309DE004E624F /* Resources */ = {
			isa = PBXResourcesBuildPhase;
			buildActionMask = 2147483647;
			files = (
			);
			runOnlyForDeploymentPostprocessing = 0;
		};
		B26AD7A5252309DE004E624F /* Resources */ = {
			isa = PBXResourcesBuildPhase;
			buildActionMask = 2147483647;
			files = (
			);
			runOnlyForDeploymentPostprocessing = 0;
		};
/* End PBXResourcesBuildPhase section */

/* Begin PBXSourcesBuildPhase section */
		B26AD783252309D6004E624F /* Sources */ = {
			isa = PBXSourcesBuildPhase;
			buildActionMask = 2147483647;
			files = (
				B26AD7D7252480A5004E624F /* RecordingView.swift in Sources */,
				B26AD7D225248020004E624F /* AudioCapture.swift in Sources */,
				B26AD78B252309D7004E624F /* AppDelegate.swift in Sources */,
			);
			runOnlyForDeploymentPostprocessing = 0;
		};
		B26AD798252309DE004E624F /* Sources */ = {
			isa = PBXSourcesBuildPhase;
			buildActionMask = 2147483647;
			files = (
				B26AD7A1252309DE004E624F /* AudioRecordTests.swift in Sources */,
			);
			runOnlyForDeploymentPostprocessing = 0;
		};
		B26AD7A3252309DE004E624F /* Sources */ = {
			isa = PBXSourcesBuildPhase;
			buildActionMask = 2147483647;
			files = (
				B26AD7AC252309DE004E624F /* AudioRecordUITests.swift in Sources */,
			);
			runOnlyForDeploymentPostprocessing = 0;
		};
/* End PBXSourcesBuildPhase section */

/* Begin PBXTargetDependency section */
		B26AD79E252309DE004E624F /* PBXTargetDependency */ = {
			isa = PBXTargetDependency;
			target = B26AD786252309D6004E624F /* AudioRecord */;
			targetProxy = B26AD79D252309DE004E624F /* PBXContainerItemProxy */;
		};
		B26AD7A9252309DE004E624F /* PBXTargetDependency */ = {
			isa = PBXTargetDependency;
			target = B26AD786252309D6004E624F /* AudioRecord */;
			targetProxy = B26AD7A8252309DE004E624F /* PBXContainerItemProxy */;
		};
/* End PBXTargetDependency section */

/* Begin PBXVariantGroup section */
		B26AD793252309DD004E624F /* Main.storyboard */ = {
			isa = PBXVariantGroup;
			children = (
				B26AD794252309DD004E624F /* Base */,
			);
			name = Main.storyboard;
			sourceTree = "<group>";
		};
/* End PBXVariantGroup section */

/* Begin XCBuildConfiguration section */
		B26AD7AE252309DE004E624F /* Debug */ = {
			isa = XCBuildConfiguration;
			buildSettings = {
				ALWAYS_SEARCH_USER_PATHS = NO;
				CLANG_ANALYZER_NONNULL = YES;
				CLANG_ANALYZER_NUMBER_OBJECT_CONVERSION = YES_AGGRESSIVE;
				CLANG_CXX_LANGUAGE_STANDARD = "gnu++14";
				CLANG_CXX_LIBRARY = "libc++";
				CLANG_ENABLE_MODULES = YES;
				CLANG_ENABLE_OBJC_ARC = YES;
				CLANG_ENABLE_OBJC_WEAK = YES;
				CLANG_WARN_BLOCK_CAPTURE_AUTORELEASING = YES;
				CLANG_WARN_BOOL_CONVERSION = YES;
				CLANG_WARN_COMMA = YES;
				CLANG_WARN_CONSTANT_CONVERSION = YES;
				CLANG_WARN_DEPRECATED_OBJC_IMPLEMENTATIONS = YES;
				CLANG_WARN_DIRECT_OBJC_ISA_USAGE = YES_ERROR;
				CLANG_WARN_DOCUMENTATION_COMMENTS = YES;
				CLANG_WARN_EMPTY_BODY = YES;
				CLANG_WARN_ENUM_CONVERSION = YES;
				CLANG_WARN_INFINITE_RECURSION = YES;
				CLANG_WARN_INT_CONVERSION = YES;
				CLANG_WARN_NON_LITERAL_NULL_CONVERSION = YES;
				CLANG_WARN_OBJC_IMPLICIT_RETAIN_SELF = YES;
				CLANG_WARN_OBJC_LITERAL_CONVERSION = YES;
				CLANG_WARN_OBJC_ROOT_CLASS = YES_ERROR;
				CLANG_WARN_QUOTED_INCLUDE_IN_FRAMEWORK_HEADER = YES;
				CLANG_WARN_RANGE_LOOP_ANALYSIS = YES;
				CLANG_WARN_STRICT_PROTOTYPES = YES;
				CLANG_WARN_SUSPICIOUS_MOVE = YES;
				CLANG_WARN_UNGUARDED_AVAILABILITY = YES_AGGRESSIVE;
				CLANG_WARN_UNREACHABLE_CODE = YES;
				CLANG_WARN__DUPLICATE_METHOD_MATCH = YES;
				COPY_PHASE_STRIP = NO;
				DEBUG_INFORMATION_FORMAT = dwarf;
				ENABLE_STRICT_OBJC_MSGSEND = YES;
				ENABLE_TESTABILITY = YES;
				GCC_C_LANGUAGE_STANDARD = gnu11;
				GCC_DYNAMIC_NO_PIC = NO;
				GCC_NO_COMMON_BLOCKS = YES;
				GCC_OPTIMIZATION_LEVEL = 0;
				GCC_PREPROCESSOR_DEFINITIONS = (
					"DEBUG=1",
					"$(inherited)",
				);
				GCC_WARN_64_TO_32_BIT_CONVERSION = YES;
				GCC_WARN_ABOUT_RETURN_TYPE = YES_ERROR;
				GCC_WARN_UNDECLARED_SELECTOR = YES;
				GCC_WARN_UNINITIALIZED_AUTOS = YES_AGGRESSIVE;
				GCC_WARN_UNUSED_FUNCTION = YES;
				GCC_WARN_UNUSED_VARIABLE = YES;
				MACOSX_DEPLOYMENT_TARGET = 10.15;
				MTL_ENABLE_DEBUG_INFO = INCLUDE_SOURCE;
				MTL_FAST_MATH = YES;
				ONLY_ACTIVE_ARCH = YES;
				SDKROOT = macosx;
				SWIFT_ACTIVE_COMPILATION_CONDITIONS = DEBUG;
				SWIFT_OPTIMIZATION_LEVEL = "-Onone";
			};
			name = Debug;
		};
		B26AD7AF252309DE004E624F /* Release */ = {
			isa = XCBuildConfiguration;
			buildSettings = {
				ALWAYS_SEARCH_USER_PATHS = NO;
				CLANG_ANALYZER_NONNULL = YES;
				CLANG_ANALYZER_NUMBER_OBJECT_CONVERSION = YES_AGGRESSIVE;
				CLANG_CXX_LANGUAGE_STANDARD = "gnu++14";
				CLANG_CXX_LIBRARY = "libc++";
				CLANG_ENABLE_MODULES = YES;
				CLANG_ENABLE_OBJC_ARC = YES;
				CLANG_ENABLE_OBJC_WEAK = YES;
				CLANG_WARN_BLOCK_CAPTURE_AUTORELEASING = YES;
				CLANG_WARN_BOOL_CONVERSION = YES;
				CLANG_WARN_COMMA = YES;
				CLANG_WARN_CONSTANT_CONVERSION = YES;
				CLANG_WARN_DEPRECATED_OBJC_IMPLEMENTATIONS = YES;
				CLANG_WARN_DIRECT_OBJC_ISA_USAGE = YES_ERROR;
				CLANG_WARN_DOCUMENTATION_COMMENTS = YES;
				CLANG_WARN_EMPTY_BODY = YES;
				CLANG_WARN_ENUM_CONVERSION = YES;
				CLANG_WARN_INFINITE_RECURSION = YES;
				CLANG_WARN_INT_CONVERSION = YES;
				CLANG_WARN_NON_LITERAL_NULL_CONVERSION = YES;
				CLANG_WARN_OBJC_IMPLICIT_RETAIN_SELF = YES;
				CLANG_WARN_OBJC_LITERAL_CONVERSION = YES;
				CLANG_WARN_OBJC_ROOT_CLASS = YES_ERROR;
				CLANG_WARN_QUOTED_INCLUDE_IN_FRAMEWORK_HEADER = YES;
				CLANG_WARN_RANGE_LOOP_ANALYSIS = YES;
				CLANG_WARN_STRICT_PROTOTYPES = YES;
				CLANG_WARN_SUSPICIOUS_MOVE = YES;
				CLANG_WARN_UNGUARDED_AVAILABILITY = YES_AGGRESSIVE;
				CLANG_WARN_UNREACHABLE_CODE = YES;
				CLANG_WARN__DUPLICATE_METHOD_MATCH = YES;
				COPY_PHASE_STRIP = NO;
				DEBUG_INFORMATION_FORMAT = "dwarf-with-dsym";
				ENABLE_NS_ASSERTIONS = NO;
				ENABLE_STRICT_OBJC_MSGSEND = YES;
				GCC_C_LANGUAGE_STANDARD = gnu11;
				GCC_NO_COMMON_BLOCKS = YES;
				GCC_WARN_64_TO_32_BIT_CONVERSION = YES;
				GCC_WARN_ABOUT_RETURN_TYPE = YES_ERROR;
				GCC_WARN_UNDECLARED_SELECTOR = YES;
				GCC_WARN_UNINITIALIZED_AUTOS = YES_AGGRESSIVE;
				GCC_WARN_UNUSED_FUNCTION = YES;
				GCC_WARN_UNUSED_VARIABLE = YES;
				MACOSX_DEPLOYMENT_TARGET = 10.15;
				MTL_ENABLE_DEBUG_INFO = NO;
				MTL_FAST_MATH = YES;
				SDKROOT = macosx;
				SWIFT_COMPILATION_MODE = wholemodule;
				SWIFT_OPTIMIZATION_LEVEL = "-O";
			};
			name = Release;
		};
		B26AD7B1252309DE004E624F /* Debug */ = {
			isa = XCBuildConfiguration;
			buildSettings = {
				ASSETCATALOG_COMPILER_APPICON_NAME = AppIcon;
				ASSETCATALOG_COMPILER_GLOBAL_ACCENT_COLOR_NAME = AccentColor;
				CODE_SIGN_ENTITLEMENTS = AudioRecord/AudioRecord.entitlements;
				CODE_SIGN_STYLE = Manual;
				COMBINE_HIDPI_IMAGES = YES;
				DEVELOPMENT_ASSET_PATHS = "\"AudioRecord/Preview Content\"";
				DEVELOPMENT_TEAM = "";
				ENABLE_HARDENED_RUNTIME = YES;
				ENABLE_PREVIEWS = YES;
				INFOPLIST_FILE = AudioRecord/Info.plist;
				LD_RUNPATH_SEARCH_PATHS = (
					"$(inherited)",
					"@executable_path/../Frameworks",
				);
				MACOSX_DEPLOYMENT_TARGET = 10.15;
				PRODUCT_BUNDLE_IDENTIFIER = com.luanvv.AudioRecord;
				PRODUCT_NAME = "$(TARGET_NAME)";
				PROVISIONING_PROFILE_SPECIFIER = "";
				SWIFT_VERSION = 5.0;
			};
			name = Debug;
		};
		B26AD7B2252309DE004E624F /* Release */ = {
			isa = XCBuildConfiguration;
			buildSettings = {
				ASSETCATALOG_COMPILER_APPICON_NAME = AppIcon;
				ASSETCATALOG_COMPILER_GLOBAL_ACCENT_COLOR_NAME = AccentColor;
				CODE_SIGN_ENTITLEMENTS = AudioRecord/AudioRecord.entitlements;
				CODE_SIGN_STYLE = Manual;
				COMBINE_HIDPI_IMAGES = YES;
				DEVELOPMENT_ASSET_PATHS = "\"AudioRecord/Preview Content\"";
				DEVELOPMENT_TEAM = "";
				ENABLE_HARDENED_RUNTIME = YES;
				ENABLE_PREVIEWS = YES;
				INFOPLIST_FILE = AudioRecord/Info.plist;
				LD_RUNPATH_SEARCH_PATHS = (
					"$(inherited)",
					"@executable_path/../Frameworks",
				);
				MACOSX_DEPLOYMENT_TARGET = 10.15;
				PRODUCT_BUNDLE_IDENTIFIER = com.luanvv.AudioRecord;
				PRODUCT_NAME = "$(TARGET_NAME)";
				PROVISIONING_PROFILE_SPECIFIER = "";
				SWIFT_VERSION = 5.0;
			};
			name = Release;
		};
		B26AD7B4252309DE004E624F /* Debug */ = {
			isa = XCBuildConfiguration;
			buildSettings = {
				ALWAYS_EMBED_SWIFT_STANDARD_LIBRARIES = YES;
				BUNDLE_LOADER = "$(TEST_HOST)";
				CODE_SIGN_STYLE = Automatic;
				COMBINE_HIDPI_IMAGES = YES;
				INFOPLIST_FILE = AudioRecordTests/Info.plist;
				LD_RUNPATH_SEARCH_PATHS = (
					"$(inherited)",
					"@executable_path/../Frameworks",
					"@loader_path/../Frameworks",
				);
				MACOSX_DEPLOYMENT_TARGET = 10.15;
				PRODUCT_BUNDLE_IDENTIFIER = com.luanvv.AudioRecordTests;
				PRODUCT_NAME = "$(TARGET_NAME)";
				SWIFT_VERSION = 5.0;
				TEST_HOST = "$(BUILT_PRODUCTS_DIR)/AudioRecord.app/Contents/MacOS/AudioRecord";
			};
			name = Debug;
		};
		B26AD7B5252309DE004E624F /* Release */ = {
			isa = XCBuildConfiguration;
			buildSettings = {
				ALWAYS_EMBED_SWIFT_STANDARD_LIBRARIES = YES;
				BUNDLE_LOADER = "$(TEST_HOST)";
				CODE_SIGN_STYLE = Automatic;
				COMBINE_HIDPI_IMAGES = YES;
				INFOPLIST_FILE = AudioRecordTests/Info.plist;
				LD_RUNPATH_SEARCH_PATHS = (
					"$(inherited)",
					"@executable_path/../Frameworks",
					"@loader_path/../Frameworks",
				);
				MACOSX_DEPLOYMENT_TARGET = 10.15;
				PRODUCT_BUNDLE_IDENTIFIER = com.luanvv.AudioRecordTests;
				PRODUCT_NAME = "$(TARGET_NAME)";
				SWIFT_VERSION = 5.0;
				TEST_HOST = "$(BUILT_PRODUCTS_DIR)/AudioRecord.app/Contents/MacOS/AudioRecord";
			};
			name = Release;
		};
		B26AD7B7252309DE004E624F /* Debug */ = {
			isa = XCBuildConfiguration;
			buildSettings = {
				ALWAYS_EMBED_SWIFT_STANDARD_LIBRARIES = YES;
				CODE_SIGN_STYLE = Automatic;
				COMBINE_HIDPI_IMAGES = YES;
				INFOPLIST_FILE = AudioRecordUITests/Info.plist;
				LD_RUNPATH_SEARCH_PATHS = (
					"$(inherited)",
					"@executable_path/../Frameworks",
					"@loader_path/../Frameworks",
				);
				PRODUCT_BUNDLE_IDENTIFIER = com.luanvv.AudioRecordUITests;
				PRODUCT_NAME = "$(TARGET_NAME)";
				SWIFT_VERSION = 5.0;
				TEST_TARGET_NAME = AudioRecord;
			};
			name = Debug;
		};
		B26AD7B8252309DE004E624F /* Release */ = {
			isa = XCBuildConfiguration;
			buildSettings = {
				ALWAYS_EMBED_SWIFT_STANDARD_LIBRARIES = YES;
				CODE_SIGN_STYLE = Automatic;
				COMBINE_HIDPI_IMAGES = YES;
				INFOPLIST_FILE = AudioRecordUITests/Info.plist;
				LD_RUNPATH_SEARCH_PATHS = (
					"$(inherited)",
					"@executable_path/../Frameworks",
					"@loader_path/../Frameworks",
				);
				PRODUCT_BUNDLE_IDENTIFIER = com.luanvv.AudioRecordUITests;
				PRODUCT_NAME = "$(TARGET_NAME)";
				SWIFT_VERSION = 5.0;
				TEST_TARGET_NAME = AudioRecord;
			};
			name = Release;
		};
/* End XCBuildConfiguration section */

/* Begin XCConfigurationList section */
		B26AD782252309D6004E624F /* Build configuration list for PBXProject "AudioRecord" */ = {
			isa = XCConfigurationList;
			buildConfigurations = (
				B26AD7AE252309DE004E624F /* Debug */,
				B26AD7AF252309DE004E624F /* Release */,
			);
			defaultConfigurationIsVisible = 0;
			defaultConfigurationName = Release;
		};
		B26AD7B0252309DE004E624F /* Build configuration list for PBXNativeTarget "AudioRecord" */ = {
			isa = XCConfigurationList;
			buildConfigurations = (
				B26AD7B1252309DE004E624F /* Debug */,
				B26AD7B2252309DE004E624F /* Release */,
			);
			defaultConfigurationIsVisible = 0;
			defaultConfigurationName = Release;
		};
		B26AD7B3252309DE004E624F /* Build configuration list for PBXNativeTarget "AudioRecordTests" */ = {
			isa = XCConfigurationList;
			buildConfigurations = (
				B26AD7B4252309DE004E624F /* Debug */,
				B26AD7B5252309DE004E624F /* Release */,
			);
			defaultConfigurationIsVisible = 0;
			defaultConfigurationName = Release;
		};
		B26AD7B6252309DE004E624F /* Build configuration list for PBXNativeTarget "AudioRecordUITests" */ = {
			isa = XCConfigurationList;
			buildConfigurations = (
				B26AD7B7252309DE004E624F /* Debug */,
				B26AD7B8252309DE004E624F /* Release */,
			);
			defaultConfigurationIsVisible = 0;
			defaultConfigurationName = Release;
		};
/* End XCConfigurationList section */
	};
	rootObject = B26AD77F252309D6004E624F /* Project object */;
}
